
Microsoft Visual Studio Solution File, Format Version 12.00
# Visual Studio Version 16
VisualStudioVersion = 16.0.31911.196
MinimumVisualStudioVersion = 10.0.40219.1
Project("{8BC9CEB8-8B4A-11D0-8D11-00A0C91BC942}") = "zad6lab7prg", "zad6lab7prg\zad6lab7prg.vcxproj", "{68E24901-DD19-4C8C-ADC5-E6F42A95A213}"
EndProject
Global
	GlobalSection(SolutionConfigurationPlatforms) = preSolution
		Debug|x64 = Debug|x64
		Debug|x86 = Debug|x86
		Release|x64 = Release|x64
		Release|x86 = Release|x86
	EndGlobalSection
	GlobalSection(ProjectConfigurationPlatforms) = postSolution
		{68E24901-DD19-4C8C-ADC5-E6F42A95A213}.Debug|x64.ActiveCfg = Debug|x64
		{68E24901-DD19-4C8C-ADC5-E6F42A95A213}.Debug|x64.Build.0 = Debug|x64
		{68E24901-DD19-4C8C-ADC5-E6F42A95A213}.Debug|x86.ActiveCfg = Debug|Win32
		{68E24901-DD19-4C8C-ADC5-E6F42A95A213}.Debug|x86.Build.0 = Debug|Win32
		{68E24901-DD19-4C8C-ADC5-E6F42A95A213}.Release|x64.ActiveCfg = Release|x64
		{68E24901-DD19-4C8C-ADC5-E6F42A95A213}.Release|x64.Build.0 = Release|x64
		{68E24901-DD19-4C8C-ADC5-E6F42A95A213}.Release|x86.ActiveCfg = Release|Win32
		{68E24901-DD19-4C8C-ADC5-E6F42A95A213}.Release|x86.Build.0 = Release|Win32
	EndGlobalSection
	GlobalSection(SolutionProperties) = preSolution
		HideSolutionNode = FALSE
	EndGlobalSection
	GlobalSection(ExtensibilityGlobals) = postSolution
		SolutionGuid = {66E49082-ECD6-42E9-BE4A-E1815E46332D}
	EndGlobalSection
EndGlobal
