
Microsoft Visual Studio Solution File, Format Version 12.00
# Visual Studio Version 16
VisualStudioVersion = 16.0.31911.196
MinimumVisualStudioVersion = 10.0.40219.1
Project("{8BC9CEB8-8B4A-11D0-8D11-00A0C91BC942}") = "zad4lab7prg", "zad4lab7prg\zad4lab7prg.vcxproj", "{2ED8129D-18B0-43EF-87C2-B2DD4C0D4B82}"
EndProject
Global
	GlobalSection(SolutionConfigurationPlatforms) = preSolution
		Debug|x64 = Debug|x64
		Debug|x86 = Debug|x86
		Release|x64 = Release|x64
		Release|x86 = Release|x86
	EndGlobalSection
	GlobalSection(ProjectConfigurationPlatforms) = postSolution
		{2ED8129D-18B0-43EF-87C2-B2DD4C0D4B82}.Debug|x64.ActiveCfg = Debug|x64
		{2ED8129D-18B0-43EF-87C2-B2DD4C0D4B82}.Debug|x64.Build.0 = Debug|x64
		{2ED8129D-18B0-43EF-87C2-B2DD4C0D4B82}.Debug|x86.ActiveCfg = Debug|Win32
		{2ED8129D-18B0-43EF-87C2-B2DD4C0D4B82}.Debug|x86.Build.0 = Debug|Win32
		{2ED8129D-18B0-43EF-87C2-B2DD4C0D4B82}.Release|x64.ActiveCfg = Release|x64
		{2ED8129D-18B0-43EF-87C2-B2DD4C0D4B82}.Release|x64.Build.0 = Release|x64
		{2ED8129D-18B0-43EF-87C2-B2DD4C0D4B82}.Release|x86.ActiveCfg = Release|Win32
		{2ED8129D-18B0-43EF-87C2-B2DD4C0D4B82}.Release|x86.Build.0 = Release|Win32
	EndGlobalSection
	GlobalSection(SolutionProperties) = preSolution
		HideSolutionNode = FALSE
	EndGlobalSection
	GlobalSection(ExtensibilityGlobals) = postSolution
		SolutionGuid = {E47385DE-8F72-49F0-9188-652F97FF7665}
	EndGlobalSection
EndGlobal
